// !$*UTF8*$!
{
	archiveVersion = 1;
	classes = {
	};
	objectVersion = 47;
	objects = {

/* Begin PBXBuildFile section */
		BA5B63F71BDF27EA00124B20 /* fenestro in Resources */ = {isa = PBXBuildFile; fileRef = BAFC9C531BDDB72C00EE4654 /* fenestro */; };
		BA6314EB1BDAE77600EAA17E /* 1.html in Resources */ = {isa = PBXBuildFile; fileRef = BA6314E91BDAE77600EAA17E /* 1.html */; };
		BA6314EC1BDAE77600EAA17E /* 2.html in Resources */ = {isa = PBXBuildFile; fileRef = BA6314EA1BDAE77600EAA17E /* 2.html */; };
		BA7422CA1BD97C6600EB67A0 /* ListController.swift in Sources */ = {isa = PBXBuildFile; fileRef = BA7422C91BD97C6600EB67A0 /* ListController.swift */; };
		BA7422CD1BD97DD200EB67A0 /* View.swift in Sources */ = {isa = PBXBuildFile; fileRef = BA7422CC1BD97DD200EB67A0 /* View.swift */; };
		BAAB57F91BE3FD5900268675 /* 1.html in Resources */ = {isa = PBXBuildFile; fileRef = BA6314E91BDAE77600EAA17E /* 1.html */; };
		BADD3FFE1BD808930037A87F /* AppDelegate.swift in Sources */ = {isa = PBXBuildFile; fileRef = BADD3FFD1BD808930037A87F /* AppDelegate.swift */; };
		BADD40001BD808930037A87F /* Document.swift in Sources */ = {isa = PBXBuildFile; fileRef = BADD3FFF1BD808930037A87F /* Document.swift */; };
		BADD40031BD808930037A87F /* Document.xib in Resources */ = {isa = PBXBuildFile; fileRef = BADD40011BD808930037A87F /* Document.xib */; };
		BADD40051BD808930037A87F /* Assets.xcassets in Resources */ = {isa = PBXBuildFile; fileRef = BADD40041BD808930037A87F /* Assets.xcassets */; };
		BADD40081BD808930037A87F /* MainMenu.xib in Resources */ = {isa = PBXBuildFile; fileRef = BADD40061BD808930037A87F /* MainMenu.xib */; };
		BADD40131BD808930037A87F /* FenestroTests.swift in Sources */ = {isa = PBXBuildFile; fileRef = BADD40121BD808930037A87F /* FenestroTests.swift */; };
		BADD401F1BD836D10037A87F /* README.html in Resources */ = {isa = PBXBuildFile; fileRef = BADD401E1BD836D10037A87F /* README.html */; };
		BAFC9C561BDDB72C00EE4654 /* main.swift in Sources */ = {isa = PBXBuildFile; fileRef = BAFC9C551BDDB72C00EE4654 /* main.swift */; };
		BAFC9C5A1BDDB7AA00EE4654 /* Bash.swift in Sources */ = {isa = PBXBuildFile; fileRef = BAFC9C381BDDB32000EE4654 /* Bash.swift */; };
		BAFC9C5B1BDDB7AA00EE4654 /* Command.swift in Sources */ = {isa = PBXBuildFile; fileRef = BAFC9C391BDDB32000EE4654 /* Command.swift */; };
		BAFC9C5C1BDDB7AA00EE4654 /* Context.swift in Sources */ = {isa = PBXBuildFile; fileRef = BAFC9C3A1BDDB32000EE4654 /* Context.swift */; };
		BAFC9C5D1BDDB7AA00EE4654 /* FileHandle.swift in Sources */ = {isa = PBXBuildFile; fileRef = BAFC9C3B1BDDB32000EE4654 /* FileHandle.swift */; };
		BAFC9C5E1BDDB7AA00EE4654 /* Files.swift in Sources */ = {isa = PBXBuildFile; fileRef = BAFC9C3C1BDDB32000EE4654 /* Files.swift */; };
		BAFC9C5F1BDDB7AA00EE4654 /* Array.swift in Sources */ = {isa = PBXBuildFile; fileRef = BAFC9C3E1BDDB32000EE4654 /* Array.swift */; };
		BAFC9C601BDDB7AA00EE4654 /* String.swift in Sources */ = {isa = PBXBuildFile; fileRef = BAFC9C3F1BDDB32000EE4654 /* String.swift */; };
		BAFC9C631BDDB7AA00EE4654 /* NSTask+NSTask_Errors.m in Sources */ = {isa = PBXBuildFile; fileRef = BAFC9C421BDDB32000EE4654 /* NSTask+NSTask_Errors.m */; };
		BAFC9C641BDDB7AA00EE4654 /* Stream.swift in Sources */ = {isa = PBXBuildFile; fileRef = BAFC9C431BDDB32000EE4654 /* Stream.swift */; };
		BAFC9C6B1BDDBAC400EE4654 /* CommandLine.swift in Sources */ = {isa = PBXBuildFile; fileRef = BAFC9C671BDDBAC400EE4654 /* CommandLine.swift */; };
		BAFC9C6C1BDDBAC400EE4654 /* Option.swift in Sources */ = {isa = PBXBuildFile; fileRef = BAFC9C691BDDBAC400EE4654 /* Option.swift */; };
		BAFC9C6D1BDDBAC400EE4654 /* StringExtensions.swift in Sources */ = {isa = PBXBuildFile; fileRef = BAFC9C6A1BDDBAC400EE4654 /* StringExtensions.swift */; };
		BAFC9C751BDEE54F00EE4654 /* Fenestro_cli_Tests.swift in Sources */ = {isa = PBXBuildFile; fileRef = BAFC9C741BDEE54F00EE4654 /* Fenestro_cli_Tests.swift */; };
		BAFC9C7A1BDEE57A00EE4654 /* main.swift in Sources */ = {isa = PBXBuildFile; fileRef = BAFC9C551BDDB72C00EE4654 /* main.swift */; };
		BAFC9C7B1BDEE5FB00EE4654 /* CommandLine.swift in Sources */ = {isa = PBXBuildFile; fileRef = BAFC9C671BDDBAC400EE4654 /* CommandLine.swift */; };
		BAFC9C7C1BDEE5FB00EE4654 /* Option.swift in Sources */ = {isa = PBXBuildFile; fileRef = BAFC9C691BDDBAC400EE4654 /* Option.swift */; };
		BAFC9C7D1BDEE5FB00EE4654 /* StringExtensions.swift in Sources */ = {isa = PBXBuildFile; fileRef = BAFC9C6A1BDDBAC400EE4654 /* StringExtensions.swift */; };
		BAFC9C7E1BDEE61500EE4654 /* Bash.swift in Sources */ = {isa = PBXBuildFile; fileRef = BAFC9C381BDDB32000EE4654 /* Bash.swift */; };
		BAFC9C7F1BDEE61500EE4654 /* Command.swift in Sources */ = {isa = PBXBuildFile; fileRef = BAFC9C391BDDB32000EE4654 /* Command.swift */; };
		BAFC9C801BDEE61500EE4654 /* Context.swift in Sources */ = {isa = PBXBuildFile; fileRef = BAFC9C3A1BDDB32000EE4654 /* Context.swift */; };
		BAFC9C811BDEE61500EE4654 /* FileHandle.swift in Sources */ = {isa = PBXBuildFile; fileRef = BAFC9C3B1BDDB32000EE4654 /* FileHandle.swift */; };
		BAFC9C821BDEE61500EE4654 /* Files.swift in Sources */ = {isa = PBXBuildFile; fileRef = BAFC9C3C1BDDB32000EE4654 /* Files.swift */; };
		BAFC9C831BDEE61500EE4654 /* Array.swift in Sources */ = {isa = PBXBuildFile; fileRef = BAFC9C3E1BDDB32000EE4654 /* Array.swift */; };
		BAFC9C841BDEE61500EE4654 /* String.swift in Sources */ = {isa = PBXBuildFile; fileRef = BAFC9C3F1BDDB32000EE4654 /* String.swift */; };
		BAFC9C861BDEE61500EE4654 /* NSTask+NSTask_Errors.m in Sources */ = {isa = PBXBuildFile; fileRef = BAFC9C421BDDB32000EE4654 /* NSTask+NSTask_Errors.m */; };
		BAFC9C871BDEE61500EE4654 /* Stream.swift in Sources */ = {isa = PBXBuildFile; fileRef = BAFC9C431BDDB32000EE4654 /* Stream.swift */; };
		BAFC9C891BDEE7F800EE4654 /* CatchingFire.swift in Sources */ = {isa = PBXBuildFile; fileRef = BAFC9C881BDEE7F800EE4654 /* CatchingFire.swift */; };
/* End PBXBuildFile section */

/* Begin PBXContainerItemProxy section */
		BA5B63F51BDF27CC00124B20 /* PBXContainerItemProxy */ = {
			isa = PBXContainerItemProxy;
			containerPortal = BADD3FF21BD808930037A87F /* Project object */;
			proxyType = 1;
			remoteGlobalIDString = BAFC9C521BDDB72C00EE4654;
			remoteInfo = "fenestro-cli";
		};
		BADD400F1BD808930037A87F /* PBXContainerItemProxy */ = {
			isa = PBXContainerItemProxy;
			containerPortal = BADD3FF21BD808930037A87F /* Project object */;
			proxyType = 1;
			remoteGlobalIDString = BADD3FF91BD808930037A87F;
			remoteInfo = Fenestro;
		};
/* End PBXContainerItemProxy section */

/* Begin PBXCopyFilesBuildPhase section */
		BAFC9C511BDDB72C00EE4654 /* CopyFiles */ = {
			isa = PBXCopyFilesBuildPhase;
			buildActionMask = 2147483647;
			dstPath = /usr/share/man/man1/;
			dstSubfolderSpec = 0;
			files = (
			);
			runOnlyForDeploymentPostprocessing = 1;
		};
/* End PBXCopyFilesBuildPhase section */

/* Begin PBXFileReference section */
		BA6314E91BDAE77600EAA17E /* 1.html */ = {isa = PBXFileReference; fileEncoding = 4; lastKnownFileType = text.html; name = 1.html; path = test/1.html; sourceTree = SOURCE_ROOT; };
		BA6314EA1BDAE77600EAA17E /* 2.html */ = {isa = PBXFileReference; fileEncoding = 4; lastKnownFileType = text.html; name = 2.html; path = test/2.html; sourceTree = SOURCE_ROOT; };
		BA7422C91BD97C6600EB67A0 /* ListController.swift */ = {isa = PBXFileReference; fileEncoding = 4; lastKnownFileType = sourcecode.swift; path = ListController.swift; sourceTree = "<group>"; };
		BA7422CC1BD97DD200EB67A0 /* View.swift */ = {isa = PBXFileReference; fileEncoding = 4; lastKnownFileType = sourcecode.swift; path = View.swift; sourceTree = "<group>"; };
		BADD3FFA1BD808930037A87F /* Fenestro.app */ = {isa = PBXFileReference; explicitFileType = wrapper.application; includeInIndex = 0; path = Fenestro.app; sourceTree = BUILT_PRODUCTS_DIR; };
		BADD3FFD1BD808930037A87F /* AppDelegate.swift */ = {isa = PBXFileReference; lastKnownFileType = sourcecode.swift; path = AppDelegate.swift; sourceTree = "<group>"; };
		BADD3FFF1BD808930037A87F /* Document.swift */ = {isa = PBXFileReference; lastKnownFileType = sourcecode.swift; path = Document.swift; sourceTree = "<group>"; };
		BADD40021BD808930037A87F /* Base */ = {isa = PBXFileReference; lastKnownFileType = file.xib; name = Base; path = Base.lproj/Document.xib; sourceTree = "<group>"; };
		BADD40041BD808930037A87F /* Assets.xcassets */ = {isa = PBXFileReference; lastKnownFileType = folder.assetcatalog; path = Assets.xcassets; sourceTree = "<group>"; };
		BADD40071BD808930037A87F /* Base */ = {isa = PBXFileReference; lastKnownFileType = file.xib; name = Base; path = Base.lproj/MainMenu.xib; sourceTree = "<group>"; };
		BADD40091BD808930037A87F /* Info.plist */ = {isa = PBXFileReference; lastKnownFileType = text.plist.xml; path = Info.plist; sourceTree = "<group>"; };
		BADD400E1BD808930037A87F /* FenestroTests.xctest */ = {isa = PBXFileReference; explicitFileType = wrapper.cfbundle; includeInIndex = 0; path = FenestroTests.xctest; sourceTree = BUILT_PRODUCTS_DIR; };
		BADD40121BD808930037A87F /* FenestroTests.swift */ = {isa = PBXFileReference; lastKnownFileType = sourcecode.swift; path = FenestroTests.swift; sourceTree = "<group>"; };
		BADD40141BD808930037A87F /* Info.plist */ = {isa = PBXFileReference; lastKnownFileType = text.plist.xml; path = Info.plist; sourceTree = "<group>"; };
		BADD401E1BD836D10037A87F /* README.html */ = {isa = PBXFileReference; fileEncoding = 4; lastKnownFileType = text.html; path = README.html; sourceTree = "<group>"; };
		BAFC9C381BDDB32000EE4654 /* Bash.swift */ = {isa = PBXFileReference; fileEncoding = 4; lastKnownFileType = sourcecode.swift; path = Bash.swift; sourceTree = "<group>"; };
		BAFC9C391BDDB32000EE4654 /* Command.swift */ = {isa = PBXFileReference; fileEncoding = 4; lastKnownFileType = sourcecode.swift; path = Command.swift; sourceTree = "<group>"; };
		BAFC9C3A1BDDB32000EE4654 /* Context.swift */ = {isa = PBXFileReference; fileEncoding = 4; lastKnownFileType = sourcecode.swift; path = Context.swift; sourceTree = "<group>"; };
		BAFC9C3B1BDDB32000EE4654 /* FileHandle.swift */ = {isa = PBXFileReference; fileEncoding = 4; lastKnownFileType = sourcecode.swift; path = FileHandle.swift; sourceTree = "<group>"; };
		BAFC9C3C1BDDB32000EE4654 /* Files.swift */ = {isa = PBXFileReference; fileEncoding = 4; lastKnownFileType = sourcecode.swift; path = Files.swift; sourceTree = "<group>"; };
		BAFC9C3E1BDDB32000EE4654 /* Array.swift */ = {isa = PBXFileReference; fileEncoding = 4; lastKnownFileType = sourcecode.swift; path = Array.swift; sourceTree = "<group>"; };
		BAFC9C3F1BDDB32000EE4654 /* String.swift */ = {isa = PBXFileReference; fileEncoding = 4; lastKnownFileType = sourcecode.swift; path = String.swift; sourceTree = "<group>"; };
		BAFC9C401BDDB32000EE4654 /* Info.plist */ = {isa = PBXFileReference; fileEncoding = 4; lastKnownFileType = text.plist.xml; path = Info.plist; sourceTree = "<group>"; };
		BAFC9C411BDDB32000EE4654 /* NSTask+NSTask_Errors.h */ = {isa = PBXFileReference; fileEncoding = 4; lastKnownFileType = sourcecode.c.h; path = "NSTask+NSTask_Errors.h"; sourceTree = "<group>"; };
		BAFC9C421BDDB32000EE4654 /* NSTask+NSTask_Errors.m */ = {isa = PBXFileReference; fileEncoding = 4; lastKnownFileType = sourcecode.c.objc; path = "NSTask+NSTask_Errors.m"; sourceTree = "<group>"; };
		BAFC9C431BDDB32000EE4654 /* Stream.swift */ = {isa = PBXFileReference; fileEncoding = 4; lastKnownFileType = sourcecode.swift; path = Stream.swift; sourceTree = "<group>"; };
		BAFC9C441BDDB32000EE4654 /* SwiftShell-Bridging-Header.h */ = {isa = PBXFileReference; fileEncoding = 4; lastKnownFileType = sourcecode.c.h; path = "SwiftShell-Bridging-Header.h"; sourceTree = "<group>"; };
		BAFC9C4E1BDDB40800EE4654 /* fenestro-Bridging-Header.h */ = {isa = PBXFileReference; fileEncoding = 4; lastKnownFileType = sourcecode.c.h; path = "fenestro-Bridging-Header.h"; sourceTree = "<group>"; };
		BAFC9C531BDDB72C00EE4654 /* fenestro */ = {isa = PBXFileReference; explicitFileType = "compiled.mach-o.executable"; includeInIndex = 0; path = fenestro; sourceTree = BUILT_PRODUCTS_DIR; };
		BAFC9C551BDDB72C00EE4654 /* main.swift */ = {isa = PBXFileReference; lastKnownFileType = sourcecode.swift; path = main.swift; sourceTree = "<group>"; };
		BAFC9C671BDDBAC400EE4654 /* CommandLine.swift */ = {isa = PBXFileReference; fileEncoding = 4; lastKnownFileType = sourcecode.swift; path = CommandLine.swift; sourceTree = "<group>"; };
		BAFC9C681BDDBAC400EE4654 /* Info.plist */ = {isa = PBXFileReference; fileEncoding = 4; lastKnownFileType = text.plist.xml; path = Info.plist; sourceTree = "<group>"; };
		BAFC9C691BDDBAC400EE4654 /* Option.swift */ = {isa = PBXFileReference; fileEncoding = 4; lastKnownFileType = sourcecode.swift; path = Option.swift; sourceTree = "<group>"; };
		BAFC9C6A1BDDBAC400EE4654 /* StringExtensions.swift */ = {isa = PBXFileReference; fileEncoding = 4; lastKnownFileType = sourcecode.swift; path = StringExtensions.swift; sourceTree = "<group>"; };
		BAFC9C721BDEE54E00EE4654 /* Fenestro-cli_Tests.xctest */ = {isa = PBXFileReference; explicitFileType = wrapper.cfbundle; includeInIndex = 0; path = "Fenestro-cli_Tests.xctest"; sourceTree = BUILT_PRODUCTS_DIR; };
		BAFC9C741BDEE54F00EE4654 /* Fenestro_cli_Tests.swift */ = {isa = PBXFileReference; lastKnownFileType = sourcecode.swift; path = Fenestro_cli_Tests.swift; sourceTree = "<group>"; };
		BAFC9C761BDEE54F00EE4654 /* Info.plist */ = {isa = PBXFileReference; lastKnownFileType = text.plist.xml; path = Info.plist; sourceTree = "<group>"; };
		BAFC9C881BDEE7F800EE4654 /* CatchingFire.swift */ = {isa = PBXFileReference; fileEncoding = 4; lastKnownFileType = sourcecode.swift; name = CatchingFire.swift; path = Carthage/Checkouts/SwiftShell/SwiftShellTests/CatchingFire.swift; sourceTree = SOURCE_ROOT; };
/* End PBXFileReference section */

/* Begin PBXFrameworksBuildPhase section */
		BADD3FF71BD808930037A87F /* Frameworks */ = {
			isa = PBXFrameworksBuildPhase;
			buildActionMask = 2147483647;
			files = (
			);
			runOnlyForDeploymentPostprocessing = 0;
		};
		BADD400B1BD808930037A87F /* Frameworks */ = {
			isa = PBXFrameworksBuildPhase;
			buildActionMask = 2147483647;
			files = (
			);
			runOnlyForDeploymentPostprocessing = 0;
		};
		BAFC9C501BDDB72C00EE4654 /* Frameworks */ = {
			isa = PBXFrameworksBuildPhase;
			buildActionMask = 2147483647;
			files = (
			);
			runOnlyForDeploymentPostprocessing = 0;
		};
		BAFC9C6F1BDEE54E00EE4654 /* Frameworks */ = {
			isa = PBXFrameworksBuildPhase;
			buildActionMask = 2147483647;
			files = (
			);
			runOnlyForDeploymentPostprocessing = 0;
		};
/* End PBXFrameworksBuildPhase section */

/* Begin PBXGroup section */
		BA6314E81BDAE75B00EAA17E /* Testfiles */ = {
			isa = PBXGroup;
			children = (
				BA6314E91BDAE77600EAA17E /* 1.html */,
				BA6314EA1BDAE77600EAA17E /* 2.html */,
			);
			name = Testfiles;
			sourceTree = "<group>";
		};
		BA7422CB1BD97D9500EB67A0 /* General */ = {
			isa = PBXGroup;
			children = (
				BA7422CC1BD97DD200EB67A0 /* View.swift */,
			);
			name = General;
			sourceTree = "<group>";
		};
		BADD3FF11BD808930037A87F = {
			isa = PBXGroup;
			children = (
				BADD3FFC1BD808930037A87F /* Fenestro */,
				BADD40111BD808930037A87F /* FenestroTests */,
				BAFC9C541BDDB72C00EE4654 /* fenestro-cli */,
				BAFC9C731BDEE54F00EE4654 /* Fenestro-cli_Tests */,
				BADD3FFB1BD808930037A87F /* Products */,
			);
			sourceTree = "<group>";
		};
		BADD3FFB1BD808930037A87F /* Products */ = {
			isa = PBXGroup;
			children = (
				BADD3FFA1BD808930037A87F /* Fenestro.app */,
				BADD400E1BD808930037A87F /* FenestroTests.xctest */,
				BAFC9C531BDDB72C00EE4654 /* fenestro */,
				BAFC9C721BDEE54E00EE4654 /* Fenestro-cli_Tests.xctest */,
			);
			name = Products;
			sourceTree = "<group>";
		};
		BADD3FFC1BD808930037A87F /* Fenestro */ = {
			isa = PBXGroup;
			children = (
				BADD3FFD1BD808930037A87F /* AppDelegate.swift */,
				BADD3FFF1BD808930037A87F /* Document.swift */,
				BADD40011BD808930037A87F /* Document.xib */,
				BADD40061BD808930037A87F /* MainMenu.xib */,
				BA7422C91BD97C6600EB67A0 /* ListController.swift */,
				BA7422CB1BD97D9500EB67A0 /* General */,
				BADD401D1BD836AC0037A87F /* Resources */,
			);
			path = Fenestro;
			sourceTree = "<group>";
		};
		BADD40111BD808930037A87F /* FenestroTests */ = {
			isa = PBXGroup;
			children = (
				BA6314E81BDAE75B00EAA17E /* Testfiles */,
				BADD40121BD808930037A87F /* FenestroTests.swift */,
				BADD40141BD808930037A87F /* Info.plist */,
			);
			path = FenestroTests;
			sourceTree = "<group>";
		};
		BADD401D1BD836AC0037A87F /* Resources */ = {
			isa = PBXGroup;
			children = (
				BADD401E1BD836D10037A87F /* README.html */,
				BADD40041BD808930037A87F /* Assets.xcassets */,
				BADD40091BD808930037A87F /* Info.plist */,
			);
			name = Resources;
			sourceTree = "<group>";
		};
		BAFC9C371BDDB32000EE4654 /* SwiftShell */ = {
			isa = PBXGroup;
			children = (
				BAFC9C381BDDB32000EE4654 /* Bash.swift */,
				BAFC9C391BDDB32000EE4654 /* Command.swift */,
				BAFC9C3A1BDDB32000EE4654 /* Context.swift */,
				BAFC9C3B1BDDB32000EE4654 /* FileHandle.swift */,
				BAFC9C3C1BDDB32000EE4654 /* Files.swift */,
				BAFC9C3D1BDDB32000EE4654 /* General */,
				BAFC9C401BDDB32000EE4654 /* Info.plist */,
				BAFC9C411BDDB32000EE4654 /* NSTask+NSTask_Errors.h */,
				BAFC9C421BDDB32000EE4654 /* NSTask+NSTask_Errors.m */,
				BAFC9C431BDDB32000EE4654 /* Stream.swift */,
				BAFC9C441BDDB32000EE4654 /* SwiftShell-Bridging-Header.h */,
			);
			name = SwiftShell;
			path = Carthage/Checkouts/SwiftShell/SwiftShell;
			sourceTree = SOURCE_ROOT;
		};
		BAFC9C3D1BDDB32000EE4654 /* General */ = {
			isa = PBXGroup;
			children = (
				BAFC9C3E1BDDB32000EE4654 /* Array.swift */,
				BAFC9C3F1BDDB32000EE4654 /* String.swift */,
			);
			path = General;
			sourceTree = "<group>";
		};
		BAFC9C541BDDB72C00EE4654 /* fenestro-cli */ = {
			isa = PBXGroup;
			children = (
				BAFC9C661BDDBAC400EE4654 /* CommandLine */,
				BAFC9C371BDDB32000EE4654 /* SwiftShell */,
				BAFC9C551BDDB72C00EE4654 /* main.swift */,
				BAFC9C4E1BDDB40800EE4654 /* fenestro-Bridging-Header.h */,
			);
			path = "fenestro-cli";
			sourceTree = "<group>";
		};
		BAFC9C661BDDBAC400EE4654 /* CommandLine */ = {
			isa = PBXGroup;
			children = (
				BAFC9C671BDDBAC400EE4654 /* CommandLine.swift */,
				BAFC9C681BDDBAC400EE4654 /* Info.plist */,
				BAFC9C691BDDBAC400EE4654 /* Option.swift */,
				BAFC9C6A1BDDBAC400EE4654 /* StringExtensions.swift */,
			);
			name = CommandLine;
			path = Carthage/Checkouts/CommandLine/CommandLine;
			sourceTree = SOURCE_ROOT;
		};
		BAFC9C731BDEE54F00EE4654 /* Fenestro-cli_Tests */ = {
			isa = PBXGroup;
			children = (
				BAFC9C881BDEE7F800EE4654 /* CatchingFire.swift */,
				BAFC9C741BDEE54F00EE4654 /* Fenestro_cli_Tests.swift */,
				BAFC9C761BDEE54F00EE4654 /* Info.plist */,
			);
			path = "Fenestro-cli_Tests";
			sourceTree = "<group>";
		};
/* End PBXGroup section */

/* Begin PBXNativeTarget section */
		BADD3FF91BD808930037A87F /* Fenestro */ = {
			isa = PBXNativeTarget;
			buildConfigurationList = BADD40171BD808930037A87F /* Build configuration list for PBXNativeTarget "Fenestro" */;
			buildPhases = (
				BADD3FF61BD808930037A87F /* Sources */,
				BADD3FF71BD808930037A87F /* Frameworks */,
				BADD3FF81BD808930037A87F /* Resources */,
			);
			buildRules = (
			);
			dependencies = (
				BA5B63F61BDF27CC00124B20 /* PBXTargetDependency */,
			);
			name = Fenestro;
			productName = Fenestro;
			productReference = BADD3FFA1BD808930037A87F /* Fenestro.app */;
			productType = "com.apple.product-type.application";
		};
		BADD400D1BD808930037A87F /* FenestroTests */ = {
			isa = PBXNativeTarget;
			buildConfigurationList = BADD401A1BD808930037A87F /* Build configuration list for PBXNativeTarget "FenestroTests" */;
			buildPhases = (
				BADD400A1BD808930037A87F /* Sources */,
				BADD400B1BD808930037A87F /* Frameworks */,
				BADD400C1BD808930037A87F /* Resources */,
			);
			buildRules = (
			);
			dependencies = (
				BADD40101BD808930037A87F /* PBXTargetDependency */,
			);
			name = FenestroTests;
			productName = FenestroTests;
			productReference = BADD400E1BD808930037A87F /* FenestroTests.xctest */;
			productType = "com.apple.product-type.bundle.unit-test";
		};
		BAFC9C521BDDB72C00EE4654 /* fenestro-cli */ = {
			isa = PBXNativeTarget;
			buildConfigurationList = BAFC9C571BDDB72C00EE4654 /* Build configuration list for PBXNativeTarget "fenestro-cli" */;
			buildPhases = (
				BAFC9C4F1BDDB72C00EE4654 /* Sources */,
				BAFC9C501BDDB72C00EE4654 /* Frameworks */,
				BAFC9C511BDDB72C00EE4654 /* CopyFiles */,
			);
			buildRules = (
			);
			dependencies = (
			);
			name = "fenestro-cli";
			productName = "fenestro-cli";
			productReference = BAFC9C531BDDB72C00EE4654 /* fenestro */;
			productType = "com.apple.product-type.tool";
		};
		BAFC9C711BDEE54E00EE4654 /* Fenestro-cli_Tests */ = {
			isa = PBXNativeTarget;
			buildConfigurationList = BAFC9C771BDEE54F00EE4654 /* Build configuration list for PBXNativeTarget "Fenestro-cli_Tests" */;
			buildPhases = (
				BAFC9C6E1BDEE54E00EE4654 /* Sources */,
				BAFC9C6F1BDEE54E00EE4654 /* Frameworks */,
				BAFC9C701BDEE54E00EE4654 /* Resources */,
			);
			buildRules = (
			);
			dependencies = (
			);
			name = "Fenestro-cli_Tests";
			productName = "Fenestro-cli_Tests";
			productReference = BAFC9C721BDEE54E00EE4654 /* Fenestro-cli_Tests.xctest */;
			productType = "com.apple.product-type.bundle.unit-test";
		};
/* End PBXNativeTarget section */

/* Begin PBXProject section */
		BADD3FF21BD808930037A87F /* Project object */ = {
			isa = PBXProject;
			attributes = {
				LastSwiftUpdateCheck = 0710;
				LastUpgradeCheck = 0700;
				ORGANIZATIONNAME = "Corporate Runaways, LLC";
				TargetAttributes = {
					BADD3FF91BD808930037A87F = {
						CreatedOnToolsVersion = 7.0.1;
					};
					BADD400D1BD808930037A87F = {
						CreatedOnToolsVersion = 7.0.1;
						TestTargetID = BADD3FF91BD808930037A87F;
					};
					BAFC9C521BDDB72C00EE4654 = {
						CreatedOnToolsVersion = 7.1;
					};
					BAFC9C711BDEE54E00EE4654 = {
						CreatedOnToolsVersion = 7.1;
					};
				};
			};
			buildConfigurationList = BADD3FF51BD808930037A87F /* Build configuration list for PBXProject "Fenestro" */;
			compatibilityVersion = "Xcode 6.3";
			developmentRegion = English;
			hasScannedForEncodings = 0;
			knownRegions = (
				en,
				Base,
			);
			mainGroup = BADD3FF11BD808930037A87F;
			productRefGroup = BADD3FFB1BD808930037A87F /* Products */;
			projectDirPath = "";
			projectRoot = "";
			targets = (
				BADD3FF91BD808930037A87F /* Fenestro */,
				BADD400D1BD808930037A87F /* FenestroTests */,
				BAFC9C521BDDB72C00EE4654 /* fenestro-cli */,
				BAFC9C711BDEE54E00EE4654 /* Fenestro-cli_Tests */,
			);
		};
/* End PBXProject section */

/* Begin PBXResourcesBuildPhase section */
		BADD3FF81BD808930037A87F /* Resources */ = {
			isa = PBXResourcesBuildPhase;
			buildActionMask = 2147483647;
			files = (
				BA5B63F71BDF27EA00124B20 /* fenestro in Resources */,
				BADD401F1BD836D10037A87F /* README.html in Resources */,
				BADD40051BD808930037A87F /* Assets.xcassets in Resources */,
				BADD40031BD808930037A87F /* Document.xib in Resources */,
				BADD40081BD808930037A87F /* MainMenu.xib in Resources */,
			);
			runOnlyForDeploymentPostprocessing = 0;
		};
		BADD400C1BD808930037A87F /* Resources */ = {
			isa = PBXResourcesBuildPhase;
			buildActionMask = 2147483647;
			files = (
				BA6314EB1BDAE77600EAA17E /* 1.html in Resources */,
				BA6314EC1BDAE77600EAA17E /* 2.html in Resources */,
			);
			runOnlyForDeploymentPostprocessing = 0;
		};
		BAFC9C701BDEE54E00EE4654 /* Resources */ = {
			isa = PBXResourcesBuildPhase;
			buildActionMask = 2147483647;
			files = (
				BAAB57F91BE3FD5900268675 /* 1.html in Resources */,
			);
			runOnlyForDeploymentPostprocessing = 0;
		};
/* End PBXResourcesBuildPhase section */

/* Begin PBXSourcesBuildPhase section */
		BADD3FF61BD808930037A87F /* Sources */ = {
			isa = PBXSourcesBuildPhase;
			buildActionMask = 2147483647;
			files = (
				BA7422CD1BD97DD200EB67A0 /* View.swift in Sources */,
				BADD40001BD808930037A87F /* Document.swift in Sources */,
				BADD3FFE1BD808930037A87F /* AppDelegate.swift in Sources */,
				BA7422CA1BD97C6600EB67A0 /* ListController.swift in Sources */,
			);
			runOnlyForDeploymentPostprocessing = 0;
		};
		BADD400A1BD808930037A87F /* Sources */ = {
			isa = PBXSourcesBuildPhase;
			buildActionMask = 2147483647;
			files = (
				BADD40131BD808930037A87F /* FenestroTests.swift in Sources */,
			);
			runOnlyForDeploymentPostprocessing = 0;
		};
		BAFC9C4F1BDDB72C00EE4654 /* Sources */ = {
			isa = PBXSourcesBuildPhase;
			buildActionMask = 2147483647;
			files = (
				BAFC9C5A1BDDB7AA00EE4654 /* Bash.swift in Sources */,
				BAFC9C5B1BDDB7AA00EE4654 /* Command.swift in Sources */,
				BAFC9C5C1BDDB7AA00EE4654 /* Context.swift in Sources */,
				BAFC9C6B1BDDBAC400EE4654 /* CommandLine.swift in Sources */,
				BAFC9C6C1BDDBAC400EE4654 /* Option.swift in Sources */,
				BAFC9C5D1BDDB7AA00EE4654 /* FileHandle.swift in Sources */,
				BAFC9C5E1BDDB7AA00EE4654 /* Files.swift in Sources */,
				BAFC9C5F1BDDB7AA00EE4654 /* Array.swift in Sources */,
				BAFC9C601BDDB7AA00EE4654 /* String.swift in Sources */,
				BAFC9C631BDDB7AA00EE4654 /* NSTask+NSTask_Errors.m in Sources */,
				BAFC9C641BDDB7AA00EE4654 /* Stream.swift in Sources */,
				BAFC9C6D1BDDBAC400EE4654 /* StringExtensions.swift in Sources */,
				BAFC9C561BDDB72C00EE4654 /* main.swift in Sources */,
			);
			runOnlyForDeploymentPostprocessing = 0;
		};
		BAFC9C6E1BDEE54E00EE4654 /* Sources */ = {
			isa = PBXSourcesBuildPhase;
			buildActionMask = 2147483647;
			files = (
				BAFC9C7E1BDEE61500EE4654 /* Bash.swift in Sources */,
				BAFC9C7F1BDEE61500EE4654 /* Command.swift in Sources */,
				BAFC9C801BDEE61500EE4654 /* Context.swift in Sources */,
				BAFC9C811BDEE61500EE4654 /* FileHandle.swift in Sources */,
				BAFC9C891BDEE7F800EE4654 /* CatchingFire.swift in Sources */,
				BAFC9C821BDEE61500EE4654 /* Files.swift in Sources */,
				BAFC9C831BDEE61500EE4654 /* Array.swift in Sources */,
				BAFC9C841BDEE61500EE4654 /* String.swift in Sources */,
				BAFC9C861BDEE61500EE4654 /* NSTask+NSTask_Errors.m in Sources */,
				BAFC9C871BDEE61500EE4654 /* Stream.swift in Sources */,
				BAFC9C7B1BDEE5FB00EE4654 /* CommandLine.swift in Sources */,
				BAFC9C7C1BDEE5FB00EE4654 /* Option.swift in Sources */,
				BAFC9C7D1BDEE5FB00EE4654 /* StringExtensions.swift in Sources */,
				BAFC9C7A1BDEE57A00EE4654 /* main.swift in Sources */,
				BAFC9C751BDEE54F00EE4654 /* Fenestro_cli_Tests.swift in Sources */,
			);
			runOnlyForDeploymentPostprocessing = 0;
		};
/* End PBXSourcesBuildPhase section */

/* Begin PBXTargetDependency section */
		BA5B63F61BDF27CC00124B20 /* PBXTargetDependency */ = {
			isa = PBXTargetDependency;
			target = BAFC9C521BDDB72C00EE4654 /* fenestro-cli */;
			targetProxy = BA5B63F51BDF27CC00124B20 /* PBXContainerItemProxy */;
		};
		BADD40101BD808930037A87F /* PBXTargetDependency */ = {
			isa = PBXTargetDependency;
			target = BADD3FF91BD808930037A87F /* Fenestro */;
			targetProxy = BADD400F1BD808930037A87F /* PBXContainerItemProxy */;
		};
/* End PBXTargetDependency section */

/* Begin PBXVariantGroup section */
		BADD40011BD808930037A87F /* Document.xib */ = {
			isa = PBXVariantGroup;
			children = (
				BADD40021BD808930037A87F /* Base */,
			);
			name = Document.xib;
			sourceTree = "<group>";
		};
		BADD40061BD808930037A87F /* MainMenu.xib */ = {
			isa = PBXVariantGroup;
			children = (
				BADD40071BD808930037A87F /* Base */,
			);
			name = MainMenu.xib;
			sourceTree = "<group>";
		};
/* End PBXVariantGroup section */

/* Begin XCBuildConfiguration section */
		BADD40151BD808930037A87F /* Debug */ = {
			isa = XCBuildConfiguration;
			buildSettings = {
				ALWAYS_SEARCH_USER_PATHS = NO;
				CLANG_CXX_LANGUAGE_STANDARD = "gnu++0x";
				CLANG_CXX_LIBRARY = "libc++";
				CLANG_ENABLE_MODULES = YES;
				CLANG_ENABLE_OBJC_ARC = YES;
				CLANG_WARN_BOOL_CONVERSION = YES;
				CLANG_WARN_CONSTANT_CONVERSION = YES;
				CLANG_WARN_DIRECT_OBJC_ISA_USAGE = YES_ERROR;
				CLANG_WARN_EMPTY_BODY = YES;
				CLANG_WARN_ENUM_CONVERSION = YES;
				CLANG_WARN_INT_CONVERSION = YES;
				CLANG_WARN_OBJC_ROOT_CLASS = YES_ERROR;
				CLANG_WARN_UNREACHABLE_CODE = YES;
				CLANG_WARN__DUPLICATE_METHOD_MATCH = YES;
				CODE_SIGN_IDENTITY = "-";
				COPY_PHASE_STRIP = NO;
				CURRENT_PROJECT_VERSION = 4;
				DEBUG_INFORMATION_FORMAT = dwarf;
				ENABLE_STRICT_OBJC_MSGSEND = YES;
				ENABLE_TESTABILITY = YES;
				GCC_C_LANGUAGE_STANDARD = gnu99;
				GCC_DYNAMIC_NO_PIC = NO;
				GCC_NO_COMMON_BLOCKS = YES;
				GCC_OPTIMIZATION_LEVEL = 0;
				GCC_PREPROCESSOR_DEFINITIONS = (
					"DEBUG=1",
					"$(inherited)",
				);
				GCC_WARN_64_TO_32_BIT_CONVERSION = YES;
				GCC_WARN_ABOUT_RETURN_TYPE = YES_ERROR;
				GCC_WARN_UNDECLARED_SELECTOR = YES;
				GCC_WARN_UNINITIALIZED_AUTOS = YES_AGGRESSIVE;
				GCC_WARN_UNUSED_FUNCTION = YES;
				GCC_WARN_UNUSED_VARIABLE = YES;
				MACOSX_DEPLOYMENT_TARGET = 10.9;
				MTL_ENABLE_DEBUG_INFO = YES;
				ONLY_ACTIVE_ARCH = YES;
				SDKROOT = macosx;
				SWIFT_OPTIMIZATION_LEVEL = "-Onone";
				VERSIONING_SYSTEM = "apple-generic";
			};
			name = Debug;
		};
		BADD40161BD808930037A87F /* Release */ = {
			isa = XCBuildConfiguration;
			buildSettings = {
				ALWAYS_SEARCH_USER_PATHS = NO;
				CLANG_CXX_LANGUAGE_STANDARD = "gnu++0x";
				CLANG_CXX_LIBRARY = "libc++";
				CLANG_ENABLE_MODULES = YES;
				CLANG_ENABLE_OBJC_ARC = YES;
				CLANG_WARN_BOOL_CONVERSION = YES;
				CLANG_WARN_CONSTANT_CONVERSION = YES;
				CLANG_WARN_DIRECT_OBJC_ISA_USAGE = YES_ERROR;
				CLANG_WARN_EMPTY_BODY = YES;
				CLANG_WARN_ENUM_CONVERSION = YES;
				CLANG_WARN_INT_CONVERSION = YES;
				CLANG_WARN_OBJC_ROOT_CLASS = YES_ERROR;
				CLANG_WARN_UNREACHABLE_CODE = YES;
				CLANG_WARN__DUPLICATE_METHOD_MATCH = YES;
				CODE_SIGN_IDENTITY = "-";
				COPY_PHASE_STRIP = NO;
				CURRENT_PROJECT_VERSION = 4;
				DEBUG_INFORMATION_FORMAT = "dwarf-with-dsym";
				ENABLE_NS_ASSERTIONS = NO;
				ENABLE_STRICT_OBJC_MSGSEND = YES;
				GCC_C_LANGUAGE_STANDARD = gnu99;
				GCC_NO_COMMON_BLOCKS = YES;
				GCC_WARN_64_TO_32_BIT_CONVERSION = YES;
				GCC_WARN_ABOUT_RETURN_TYPE = YES_ERROR;
				GCC_WARN_UNDECLARED_SELECTOR = YES;
				GCC_WARN_UNINITIALIZED_AUTOS = YES_AGGRESSIVE;
				GCC_WARN_UNUSED_FUNCTION = YES;
				GCC_WARN_UNUSED_VARIABLE = YES;
				MACOSX_DEPLOYMENT_TARGET = 10.9;
				MTL_ENABLE_DEBUG_INFO = NO;
				SDKROOT = macosx;
				VERSIONING_SYSTEM = "apple-generic";
			};
			name = Release;
		};
		BADD40181BD808930037A87F /* Debug */ = {
			isa = XCBuildConfiguration;
			buildSettings = {
				ASSETCATALOG_COMPILER_APPICON_NAME = AppIcon;
				COMBINE_HIDPI_IMAGES = YES;
				INFOPLIST_FILE = Fenestro/Info.plist;
				LD_RUNPATH_SEARCH_PATHS = "$(inherited) @executable_path/../Frameworks";
				PRODUCT_BUNDLE_IDENTIFIER = com.corporaterunaways.Fenestro;
				PRODUCT_NAME = "$(TARGET_NAME)";
			};
			name = Debug;
		};
		BADD40191BD808930037A87F /* Release */ = {
			isa = XCBuildConfiguration;
			buildSettings = {
				ASSETCATALOG_COMPILER_APPICON_NAME = AppIcon;
				COMBINE_HIDPI_IMAGES = YES;
				INFOPLIST_FILE = Fenestro/Info.plist;
				LD_RUNPATH_SEARCH_PATHS = "$(inherited) @executable_path/../Frameworks";
				PRODUCT_BUNDLE_IDENTIFIER = com.corporaterunaways.Fenestro;
				PRODUCT_NAME = "$(TARGET_NAME)";
			};
			name = Release;
		};
		BADD401B1BD808930037A87F /* Debug */ = {
			isa = XCBuildConfiguration;
			buildSettings = {
				BUNDLE_LOADER = "$(TEST_HOST)";
				COMBINE_HIDPI_IMAGES = YES;
				INFOPLIST_FILE = FenestroTests/Info.plist;
				LD_RUNPATH_SEARCH_PATHS = "$(inherited) @executable_path/../Frameworks @loader_path/../Frameworks";
				PRODUCT_BUNDLE_IDENTIFIER = com.corporaterunaways.FenestroTests;
				PRODUCT_NAME = "$(TARGET_NAME)";
				TEST_HOST = "$(BUILT_PRODUCTS_DIR)/Fenestro.app/Contents/MacOS/Fenestro";
			};
			name = Debug;
		};
		BADD401C1BD808930037A87F /* Release */ = {
			isa = XCBuildConfiguration;
			buildSettings = {
				BUNDLE_LOADER = "$(TEST_HOST)";
				COMBINE_HIDPI_IMAGES = YES;
				INFOPLIST_FILE = FenestroTests/Info.plist;
				LD_RUNPATH_SEARCH_PATHS = "$(inherited) @executable_path/../Frameworks @loader_path/../Frameworks";
				PRODUCT_BUNDLE_IDENTIFIER = com.corporaterunaways.FenestroTests;
				PRODUCT_NAME = "$(TARGET_NAME)";
				TEST_HOST = "$(BUILT_PRODUCTS_DIR)/Fenestro.app/Contents/MacOS/Fenestro";
			};
			name = Release;
		};
		BAFC9C581BDDB72C00EE4654 /* Debug */ = {
			isa = XCBuildConfiguration;
			buildSettings = {
				MACOSX_DEPLOYMENT_TARGET = 10.10;
				OTHER_LDFLAGS = (
					"-sectcreate",
					__TEXT,
					__info_plist,
					"$(PROJECT_DIR)/Fenestro/Info.plist",
				);
				PRODUCT_NAME = fenestro;
				SWIFT_OBJC_BRIDGING_HEADER = "fenestro-cli/fenestro-Bridging-Header.h";
			};
			name = Debug;
		};
		BAFC9C591BDDB72C00EE4654 /* Release */ = {
			isa = XCBuildConfiguration;
			buildSettings = {
				MACOSX_DEPLOYMENT_TARGET = 10.10;
				OTHER_LDFLAGS = (
					"-sectcreate",
					__TEXT,
					__info_plist,
					"$(PROJECT_DIR)/Fenestro/Info.plist",
				);
				PRODUCT_NAME = fenestro;
				SWIFT_OBJC_BRIDGING_HEADER = "fenestro-cli/fenestro-Bridging-Header.h";
			};
			name = Release;
		};
		BAFC9C781BDEE54F00EE4654 /* Debug */ = {
			isa = XCBuildConfiguration;
			buildSettings = {
				COMBINE_HIDPI_IMAGES = YES;
				INFOPLIST_FILE = "Fenestro-cli_Tests/Info.plist";
				LD_RUNPATH_SEARCH_PATHS = "$(inherited) @executable_path/../Frameworks @loader_path/../Frameworks";
				MACOSX_DEPLOYMENT_TARGET = 10.10;
				PRODUCT_BUNDLE_IDENTIFIER = "com.corporaterunaways.Fenestro-cli-Tests";
				PRODUCT_NAME = "$(TARGET_NAME)";
				SWIFT_OBJC_BRIDGING_HEADER = "fenestro-cli/fenestro-Bridging-Header.h";
			};
			name = Debug;
		};
		BAFC9C791BDEE54F00EE4654 /* Release */ = {
			isa = XCBuildConfiguration;
			buildSettings = {
				COMBINE_HIDPI_IMAGES = YES;
				INFOPLIST_FILE = "Fenestro-cli_Tests/Info.plist";
				LD_RUNPATH_SEARCH_PATHS = "$(inherited) @executable_path/../Frameworks @loader_path/../Frameworks";
				MACOSX_DEPLOYMENT_TARGET = 10.10;
				PRODUCT_BUNDLE_IDENTIFIER = "com.corporaterunaways.Fenestro-cli-Tests";
				PRODUCT_NAME = "$(TARGET_NAME)";
				SWIFT_OBJC_BRIDGING_HEADER = "fenestro-cli/fenestro-Bridging-Header.h";
			};
			name = Release;
		};
/* End XCBuildConfiguration section */

/* Begin XCConfigurationList section */
		BADD3FF51BD808930037A87F /* Build configuration list for PBXProject "Fenestro" */ = {
			isa = XCConfigurationList;
			buildConfigurations = (
				BADD40151BD808930037A87F /* Debug */,
				BADD40161BD808930037A87F /* Release */,
			);
			defaultConfigurationIsVisible = 0;
			defaultConfigurationName = Release;
		};
		BADD40171BD808930037A87F /* Build configuration list for PBXNativeTarget "Fenestro" */ = {
			isa = XCConfigurationList;
			buildConfigurations = (
				BADD40181BD808930037A87F /* Debug */,
				BADD40191BD808930037A87F /* Release */,
			);
			defaultConfigurationIsVisible = 0;
			defaultConfigurationName = Release;
		};
		BADD401A1BD808930037A87F /* Build configuration list for PBXNativeTarget "FenestroTests" */ = {
			isa = XCConfigurationList;
			buildConfigurations = (
				BADD401B1BD808930037A87F /* Debug */,
				BADD401C1BD808930037A87F /* Release */,
			);
			defaultConfigurationIsVisible = 0;
			defaultConfigurationName = Release;
		};
		BAFC9C571BDDB72C00EE4654 /* Build configuration list for PBXNativeTarget "fenestro-cli" */ = {
			isa = XCConfigurationList;
			buildConfigurations = (
				BAFC9C581BDDB72C00EE4654 /* Debug */,
				BAFC9C591BDDB72C00EE4654 /* Release */,
			);
			defaultConfigurationIsVisible = 0;
			defaultConfigurationName = Release;
		};
		BAFC9C771BDEE54F00EE4654 /* Build configuration list for PBXNativeTarget "Fenestro-cli_Tests" */ = {
			isa = XCConfigurationList;
			buildConfigurations = (
				BAFC9C781BDEE54F00EE4654 /* Debug */,
				BAFC9C791BDEE54F00EE4654 /* Release */,
			);
			defaultConfigurationIsVisible = 0;
			defaultConfigurationName = Release;
		};
/* End XCConfigurationList section */
	};
	rootObject = BADD3FF21BD808930037A87F /* Project object */;
}
